
Microsoft Visual Studio Solution File, Format Version 12.00
# Visual Studio Version 16
VisualStudioVersion = 16.0.31402.337
MinimumVisualStudioVersion = 10.0.40219.1
Project("{8BC9CEB8-8B4A-11D0-8D11-00A0C91BC942}") = "ghidra_exe", "ghidra_exe\ghidra_exe.vcxproj", "{8615B531-56D3-4E32-8DB2-4A65318863AC}"
EndProject
Global
	GlobalSection(SolutionConfigurationPlatforms) = preSolution
		Debug|x64 = Debug|x64
		Debug|x86 = Debug|x86
		Release|x64 = Release|x64
		Release|x86 = Release|x86
	EndGlobalSection
	GlobalSection(ProjectConfigurationPlatforms) = postSolution
		{8615B531-56D3-4E32-8DB2-4A65318863AC}.Debug|x64.ActiveCfg = Debug|x64
		{8615B531-56D3-4E32-8DB2-4A65318863AC}.Debug|x64.Build.0 = Debug|x64
		{8615B531-56D3-4E32-8DB2-4A65318863AC}.Debug|x86.ActiveCfg = Debug|Win32
		{8615B531-56D3-4E32-8DB2-4A65318863AC}.Debug|x86.Build.0 = Debug|Win32
		{8615B531-56D3-4E32-8DB2-4A65318863AC}.Release|x64.ActiveCfg = Release|x64
		{8615B531-56D3-4E32-8DB2-4A65318863AC}.Release|x64.Build.0 = Release|x64
		{8615B531-56D3-4E32-8DB2-4A65318863AC}.Release|x86.ActiveCfg = Release|Win32
		{8615B531-56D3-4E32-8DB2-4A65318863AC}.Release|x86.Build.0 = Release|Win32
	EndGlobalSection
	GlobalSection(SolutionProperties) = preSolution
		HideSolutionNode = FALSE
	EndGlobalSection
	GlobalSection(ExtensibilityGlobals) = postSolution
		SolutionGuid = {F356F7C5-369B-44BF-9EC9-BE940716FCEB}
	EndGlobalSection
EndGlobal
